// !$*UTF8*$!
{
	archiveVersion = 1;
	classes = {
	};
	objectVersion = 55;
	objects = {

/* Begin PBXBuildFile section */
		298B82B628763A2100EE54B8 /* AppDelegate.m in Sources */ = {isa = PBXBuildFile; fileRef = 298B82B528763A2100EE54B8 /* AppDelegate.m */; };
		298B82B928763A2100EE54B8 /* SceneDelegate.m in Sources */ = {isa = PBXBuildFile; fileRef = 298B82B828763A2100EE54B8 /* SceneDelegate.m */; };
		298B82BC28763A2100EE54B8 /* ViewController.m in Sources */ = {isa = PBXBuildFile; fileRef = 298B82BB28763A2100EE54B8 /* ViewController.m */; };
		298B82BF28763A2100EE54B8 /* Main.storyboard in Resources */ = {isa = PBXBuildFile; fileRef = 298B82BD28763A2100EE54B8 /* Main.storyboard */; };
		298B82C128763A2300EE54B8 /* Assets.xcassets in Resources */ = {isa = PBXBuildFile; fileRef = 298B82C028763A2300EE54B8 /* Assets.xcassets */; };
		298B82C428763A2300EE54B8 /* LaunchScreen.storyboard in Resources */ = {isa = PBXBuildFile; fileRef = 298B82C228763A2300EE54B8 /* LaunchScreen.storyboard */; };
		298B82C728763A2300EE54B8 /* main.m in Sources */ = {isa = PBXBuildFile; fileRef = 298B82C628763A2300EE54B8 /* main.m */; };
		298B82D128763A2300EE54B8 /* VwitterTests.m in Sources */ = {isa = PBXBuildFile; fileRef = 298B82D028763A2300EE54B8 /* VwitterTests.m */; };
		298B82DB28763A2300EE54B8 /* VwitterUITests.m in Sources */ = {isa = PBXBuildFile; fileRef = 298B82DA28763A2300EE54B8 /* VwitterUITests.m */; };
		298B82DD28763A2300EE54B8 /* VwitterUITestsLaunchTests.m in Sources */ = {isa = PBXBuildFile; fileRef = 298B82DC28763A2300EE54B8 /* VwitterUITestsLaunchTests.m */; };
/* End PBXBuildFile section */

/* Begin PBXContainerItemProxy section */
		298B82CD28763A2300EE54B8 /* PBXContainerItemProxy */ = {
			isa = PBXContainerItemProxy;
			containerPortal = 298B82A928763A2100EE54B8 /* Project object */;
			proxyType = 1;
			remoteGlobalIDString = 298B82B028763A2100EE54B8;
			remoteInfo = Vwitter;
		};
		298B82D728763A2300EE54B8 /* PBXContainerItemProxy */ = {
			isa = PBXContainerItemProxy;
			containerPortal = 298B82A928763A2100EE54B8 /* Project object */;
			proxyType = 1;
			remoteGlobalIDString = 298B82B028763A2100EE54B8;
			remoteInfo = Vwitter;
		};
/* End PBXContainerItemProxy section */

/* Begin PBXFileReference section */
		298B82B128763A2100EE54B8 /* Vwitter.app */ = {isa = PBXFileReference; explicitFileType = wrapper.application; includeInIndex = 0; path = Vwitter.app; sourceTree = BUILT_PRODUCTS_DIR; };
		298B82B428763A2100EE54B8 /* AppDelegate.h */ = {isa = PBXFileReference; lastKnownFileType = sourcecode.c.h; path = AppDelegate.h; sourceTree = "<group>"; };
		298B82B528763A2100EE54B8 /* AppDelegate.m */ = {isa = PBXFileReference; lastKnownFileType = sourcecode.c.objc; path = AppDelegate.m; sourceTree = "<group>"; };
		298B82B728763A2100EE54B8 /* SceneDelegate.h */ = {isa = PBXFileReference; lastKnownFileType = sourcecode.c.h; path = SceneDelegate.h; sourceTree = "<group>"; };
		298B82B828763A2100EE54B8 /* SceneDelegate.m */ = {isa = PBXFileReference; lastKnownFileType = sourcecode.c.objc; path = SceneDelegate.m; sourceTree = "<group>"; };
		298B82BA28763A2100EE54B8 /* ViewController.h */ = {isa = PBXFileReference; lastKnownFileType = sourcecode.c.h; path = ViewController.h; sourceTree = "<group>"; };
		298B82BB28763A2100EE54B8 /* ViewController.m */ = {isa = PBXFileReference; lastKnownFileType = sourcecode.c.objc; path = ViewController.m; sourceTree = "<group>"; };
		298B82BE28763A2100EE54B8 /* Base */ = {isa = PBXFileReference; lastKnownFileType = file.storyboard; name = Base; path = Base.lproj/Main.storyboard; sourceTree = "<group>"; };
		298B82C028763A2300EE54B8 /* Assets.xcassets */ = {isa = PBXFileReference; lastKnownFileType = folder.assetcatalog; path = Assets.xcassets; sourceTree = "<group>"; };
		298B82C328763A2300EE54B8 /* Base */ = {isa = PBXFileReference; lastKnownFileType = file.storyboard; name = Base; path = Base.lproj/LaunchScreen.storyboard; sourceTree = "<group>"; };
		298B82C528763A2300EE54B8 /* Info.plist */ = {isa = PBXFileReference; lastKnownFileType = text.plist.xml; path = Info.plist; sourceTree = "<group>"; };
		298B82C628763A2300EE54B8 /* main.m */ = {isa = PBXFileReference; lastKnownFileType = sourcecode.c.objc; path = main.m; sourceTree = "<group>"; };
		298B82CC28763A2300EE54B8 /* VwitterTests.xctest */ = {isa = PBXFileReference; explicitFileType = wrapper.cfbundle; includeInIndex = 0; path = VwitterTests.xctest; sourceTree = BUILT_PRODUCTS_DIR; };
		298B82D028763A2300EE54B8 /* VwitterTests.m */ = {isa = PBXFileReference; lastKnownFileType = sourcecode.c.objc; path = VwitterTests.m; sourceTree = "<group>"; };
		298B82D628763A2300EE54B8 /* VwitterUITests.xctest */ = {isa = PBXFileReference; explicitFileType = wrapper.cfbundle; includeInIndex = 0; path = VwitterUITests.xctest; sourceTree = BUILT_PRODUCTS_DIR; };
		298B82DA28763A2300EE54B8 /* VwitterUITests.m */ = {isa = PBXFileReference; lastKnownFileType = sourcecode.c.objc; path = VwitterUITests.m; sourceTree = "<group>"; };
		298B82DC28763A2300EE54B8 /* VwitterUITestsLaunchTests.m */ = {isa = PBXFileReference; lastKnownFileType = sourcecode.c.objc; path = VwitterUITestsLaunchTests.m; sourceTree = "<group>"; };
/* End PBXFileReference section */

/* Begin PBXFrameworksBuildPhase section */
		298B82AE28763A2100EE54B8 /* Frameworks */ = {
			isa = PBXFrameworksBuildPhase;
			buildActionMask = 2147483647;
			files = (
			);
			runOnlyForDeploymentPostprocessing = 0;
		};
		298B82C928763A2300EE54B8 /* Frameworks */ = {
			isa = PBXFrameworksBuildPhase;
			buildActionMask = 2147483647;
			files = (
			);
			runOnlyForDeploymentPostprocessing = 0;
		};
		298B82D328763A2300EE54B8 /* Frameworks */ = {
			isa = PBXFrameworksBuildPhase;
			buildActionMask = 2147483647;
			files = (
			);
			runOnlyForDeploymentPostprocessing = 0;
		};
/* End PBXFrameworksBuildPhase section */

/* Begin PBXGroup section */
		298B82A828763A2100EE54B8 = {
			isa = PBXGroup;
			children = (
				298B82B328763A2100EE54B8 /* Vwitter */,
				298B82CF28763A2300EE54B8 /* VwitterTests */,
				298B82D928763A2300EE54B8 /* VwitterUITests */,
				298B82B228763A2100EE54B8 /* Products */,
			);
			sourceTree = "<group>";
		};
		298B82B228763A2100EE54B8 /* Products */ = {
			isa = PBXGroup;
			children = (
				298B82B128763A2100EE54B8 /* Vwitter.app */,
				298B82CC28763A2300EE54B8 /* VwitterTests.xctest */,
				298B82D628763A2300EE54B8 /* VwitterUITests.xctest */,
			);
			name = Products;
			sourceTree = "<group>";
		};
		298B82B328763A2100EE54B8 /* Vwitter */ = {
			isa = PBXGroup;
			children = (
				298B82B428763A2100EE54B8 /* AppDelegate.h */,
				298B82B528763A2100EE54B8 /* AppDelegate.m */,
				298B82B728763A2100EE54B8 /* SceneDelegate.h */,
				298B82B828763A2100EE54B8 /* SceneDelegate.m */,
				298B82BA28763A2100EE54B8 /* ViewController.h */,
				298B82BB28763A2100EE54B8 /* ViewController.m */,
				298B82BD28763A2100EE54B8 /* Main.storyboard */,
				298B82C028763A2300EE54B8 /* Assets.xcassets */,
				298B82C228763A2300EE54B8 /* LaunchScreen.storyboard */,
				298B82C528763A2300EE54B8 /* Info.plist */,
				298B82C628763A2300EE54B8 /* main.m */,
			);
			path = Vwitter;
			sourceTree = "<group>";
		};
		298B82CF28763A2300EE54B8 /* VwitterTests */ = {
			isa = PBXGroup;
			children = (
				298B82D028763A2300EE54B8 /* VwitterTests.m */,
			);
			path = VwitterTests;
			sourceTree = "<group>";
		};
		298B82D928763A2300EE54B8 /* VwitterUITests */ = {
			isa = PBXGroup;
			children = (
				298B82DA28763A2300EE54B8 /* VwitterUITests.m */,
				298B82DC28763A2300EE54B8 /* VwitterUITestsLaunchTests.m */,
			);
			path = VwitterUITests;
			sourceTree = "<group>";
		};
/* End PBXGroup section */

/* Begin PBXNativeTarget section */
		298B82B028763A2100EE54B8 /* Vwitter */ = {
			isa = PBXNativeTarget;
			buildConfigurationList = 298B82E028763A2300EE54B8 /* Build configuration list for PBXNativeTarget "Vwitter" */;
			buildPhases = (
				298B82AD28763A2100EE54B8 /* Sources */,
				298B82AE28763A2100EE54B8 /* Frameworks */,
				298B82AF28763A2100EE54B8 /* Resources */,
			);
			buildRules = (
			);
			dependencies = (
			);
			name = Vwitter;
			productName = Vwitter;
			productReference = 298B82B128763A2100EE54B8 /* Vwitter.app */;
			productType = "com.apple.product-type.application";
		};
		298B82CB28763A2300EE54B8 /* VwitterTests */ = {
			isa = PBXNativeTarget;
			buildConfigurationList = 298B82E328763A2300EE54B8 /* Build configuration list for PBXNativeTarget "VwitterTests" */;
			buildPhases = (
				298B82C828763A2300EE54B8 /* Sources */,
				298B82C928763A2300EE54B8 /* Frameworks */,
				298B82CA28763A2300EE54B8 /* Resources */,
			);
			buildRules = (
			);
			dependencies = (
				298B82CE28763A2300EE54B8 /* PBXTargetDependency */,
			);
			name = VwitterTests;
			productName = VwitterTests;
			productReference = 298B82CC28763A2300EE54B8 /* VwitterTests.xctest */;
			productType = "com.apple.product-type.bundle.unit-test";
		};
		298B82D528763A2300EE54B8 /* VwitterUITests */ = {
			isa = PBXNativeTarget;
			buildConfigurationList = 298B82E628763A2300EE54B8 /* Build configuration list for PBXNativeTarget "VwitterUITests" */;
			buildPhases = (
				298B82D228763A2300EE54B8 /* Sources */,
				298B82D328763A2300EE54B8 /* Frameworks */,
				298B82D428763A2300EE54B8 /* Resources */,
			);
			buildRules = (
			);
			dependencies = (
				298B82D828763A2300EE54B8 /* PBXTargetDependency */,
			);
			name = VwitterUITests;
			productName = VwitterUITests;
			productReference = 298B82D628763A2300EE54B8 /* VwitterUITests.xctest */;
			productType = "com.apple.product-type.bundle.ui-testing";
		};
/* End PBXNativeTarget section */

/* Begin PBXProject section */
		298B82A928763A2100EE54B8 /* Project object */ = {
			isa = PBXProject;
			attributes = {
				BuildIndependentTargetsInParallel = 1;
				LastUpgradeCheck = 1340;
				TargetAttributes = {
					298B82B028763A2100EE54B8 = {
						CreatedOnToolsVersion = 13.4;
					};
					298B82CB28763A2300EE54B8 = {
						CreatedOnToolsVersion = 13.4;
						TestTargetID = 298B82B028763A2100EE54B8;
					};
					298B82D528763A2300EE54B8 = {
						CreatedOnToolsVersion = 13.4;
						TestTargetID = 298B82B028763A2100EE54B8;
					};
				};
			};
			buildConfigurationList = 298B82AC28763A2100EE54B8 /* Build configuration list for PBXProject "Vwitter" */;
			compatibilityVersion = "Xcode 13.0";
			developmentRegion = en;
			hasScannedForEncodings = 0;
			knownRegions = (
				en,
				Base,
			);
			mainGroup = 298B82A828763A2100EE54B8;
			productRefGroup = 298B82B228763A2100EE54B8 /* Products */;
			projectDirPath = "";
			projectRoot = "";
			targets = (
				298B82B028763A2100EE54B8 /* Vwitter */,
				298B82CB28763A2300EE54B8 /* VwitterTests */,
				298B82D528763A2300EE54B8 /* VwitterUITests */,
			);
		};
/* End PBXProject section */

/* Begin PBXResourcesBuildPhase section */
		298B82AF28763A2100EE54B8 /* Resources */ = {
			isa = PBXResourcesBuildPhase;
			buildActionMask = 2147483647;
			files = (
				298B82C428763A2300EE54B8 /* LaunchScreen.storyboard in Resources */,
				298B82C128763A2300EE54B8 /* Assets.xcassets in Resources */,
				298B82BF28763A2100EE54B8 /* Main.storyboard in Resources */,
			);
			runOnlyForDeploymentPostprocessing = 0;
		};
		298B82CA28763A2300EE54B8 /* Resources */ = {
			isa = PBXResourcesBuildPhase;
			buildActionMask = 2147483647;
			files = (
			);
			runOnlyForDeploymentPostprocessing = 0;
		};
		298B82D428763A2300EE54B8 /* Resources */ = {
			isa = PBXResourcesBuildPhase;
			buildActionMask = 2147483647;
			files = (
			);
			runOnlyForDeploymentPostprocessing = 0;
		};
/* End PBXResourcesBuildPhase section */

/* Begin PBXSourcesBuildPhase section */
		298B82AD28763A2100EE54B8 /* Sources */ = {
			isa = PBXSourcesBuildPhase;
			buildActionMask = 2147483647;
			files = (
				298B82BC28763A2100EE54B8 /* ViewController.m in Sources */,
				298B82B628763A2100EE54B8 /* AppDelegate.m in Sources */,
				298B82C728763A2300EE54B8 /* main.m in Sources */,
				298B82B928763A2100EE54B8 /* SceneDelegate.m in Sources */,
			);
			runOnlyForDeploymentPostprocessing = 0;
		};
		298B82C828763A2300EE54B8 /* Sources */ = {
			isa = PBXSourcesBuildPhase;
			buildActionMask = 2147483647;
			files = (
				298B82D128763A2300EE54B8 /* VwitterTests.m in Sources */,
			);
			runOnlyForDeploymentPostprocessing = 0;
		};
		298B82D228763A2300EE54B8 /* Sources */ = {
			isa = PBXSourcesBuildPhase;
			buildActionMask = 2147483647;
			files = (
				298B82DD28763A2300EE54B8 /* VwitterUITestsLaunchTests.m in Sources */,
				298B82DB28763A2300EE54B8 /* VwitterUITests.m in Sources */,
			);
			runOnlyForDeploymentPostprocessing = 0;
		};
/* End PBXSourcesBuildPhase section */

/* Begin PBXTargetDependency section */
		298B82CE28763A2300EE54B8 /* PBXTargetDependency */ = {
			isa = PBXTargetDependency;
			target = 298B82B028763A2100EE54B8 /* Vwitter */;
			targetProxy = 298B82CD28763A2300EE54B8 /* PBXContainerItemProxy */;
		};
		298B82D828763A2300EE54B8 /* PBXTargetDependency */ = {
			isa = PBXTargetDependency;
			target = 298B82B028763A2100EE54B8 /* Vwitter */;
			targetProxy = 298B82D728763A2300EE54B8 /* PBXContainerItemProxy */;
		};
/* End PBXTargetDependency section */

/* Begin PBXVariantGroup section */
		298B82BD28763A2100EE54B8 /* Main.storyboard */ = {
			isa = PBXVariantGroup;
			children = (
				298B82BE28763A2100EE54B8 /* Base */,
			);
			name = Main.storyboard;
			sourceTree = "<group>";
		};
		298B82C228763A2300EE54B8 /* LaunchScreen.storyboard */ = {
			isa = PBXVariantGroup;
			children = (
				298B82C328763A2300EE54B8 /* Base */,
			);
			name = LaunchScreen.storyboard;
			sourceTree = "<group>";
		};
/* End PBXVariantGroup section */

/* Begin XCBuildConfiguration section */
		298B82DE28763A2300EE54B8 /* Debug */ = {
			isa = XCBuildConfiguration;
			buildSettings = {
				ALWAYS_SEARCH_USER_PATHS = NO;
				CLANG_ANALYZER_NONNULL = YES;
				CLANG_ANALYZER_NUMBER_OBJECT_CONVERSION = YES_AGGRESSIVE;
				CLANG_CXX_LANGUAGE_STANDARD = "gnu++17";
				CLANG_ENABLE_MODULES = YES;
				CLANG_ENABLE_OBJC_ARC = YES;
				CLANG_ENABLE_OBJC_WEAK = YES;
				CLANG_WARN_BLOCK_CAPTURE_AUTORELEASING = YES;
				CLANG_WARN_BOOL_CONVERSION = YES;
				CLANG_WARN_COMMA = YES;
				CLANG_WARN_CONSTANT_CONVERSION = YES;
				CLANG_WARN_DEPRECATED_OBJC_IMPLEMENTATIONS = YES;
				CLANG_WARN_DIRECT_OBJC_ISA_USAGE = YES_ERROR;
				CLANG_WARN_DOCUMENTATION_COMMENTS = YES;
				CLANG_WARN_EMPTY_BODY = YES;
				CLANG_WARN_ENUM_CONVERSION = YES;
				CLANG_WARN_INFINITE_RECURSION = YES;
				CLANG_WARN_INT_CONVERSION = YES;
				CLANG_WARN_NON_LITERAL_NULL_CONVERSION = YES;
				CLANG_WARN_OBJC_IMPLICIT_RETAIN_SELF = YES;
				CLANG_WARN_OBJC_LITERAL_CONVERSION = YES;
				CLANG_WARN_OBJC_ROOT_CLASS = YES_ERROR;
				CLANG_WARN_QUOTED_INCLUDE_IN_FRAMEWORK_HEADER = YES;
				CLANG_WARN_RANGE_LOOP_ANALYSIS = YES;
				CLANG_WARN_STRICT_PROTOTYPES = YES;
				CLANG_WARN_SUSPICIOUS_MOVE = YES;
				CLANG_WARN_UNGUARDED_AVAILABILITY = YES_AGGRESSIVE;
				CLANG_WARN_UNREACHABLE_CODE = YES;
				CLANG_WARN__DUPLICATE_METHOD_MATCH = YES;
				COPY_PHASE_STRIP = NO;
				DEBUG_INFORMATION_FORMAT = dwarf;
				ENABLE_STRICT_OBJC_MSGSEND = YES;
				ENABLE_TESTABILITY = YES;
				GCC_C_LANGUAGE_STANDARD = gnu11;
				GCC_DYNAMIC_NO_PIC = NO;
				GCC_NO_COMMON_BLOCKS = YES;
				GCC_OPTIMIZATION_LEVEL = 0;
				GCC_PREPROCESSOR_DEFINITIONS = (
					"DEBUG=1",
					"$(inherited)",
				);
				GCC_WARN_64_TO_32_BIT_CONVERSION = YES;
				GCC_WARN_ABOUT_RETURN_TYPE = YES_ERROR;
				GCC_WARN_UNDECLARED_SELECTOR = YES;
				GCC_WARN_UNINITIALIZED_AUTOS = YES_AGGRESSIVE;
				GCC_WARN_UNUSED_FUNCTION = YES;
				GCC_WARN_UNUSED_VARIABLE = YES;
				IPHONEOS_DEPLOYMENT_TARGET = 15.5;
				MTL_ENABLE_DEBUG_INFO = INCLUDE_SOURCE;
				MTL_FAST_MATH = YES;
				ONLY_ACTIVE_ARCH = YES;
				SDKROOT = iphoneos;
			};
			name = Debug;
		};
		298B82DF28763A2300EE54B8 /* Release */ = {
			isa = XCBuildConfiguration;
			buildSettings = {
				ALWAYS_SEARCH_USER_PATHS = NO;
				CLANG_ANALYZER_NONNULL = YES;
				CLANG_ANALYZER_NUMBER_OBJECT_CONVERSION = YES_AGGRESSIVE;
				CLANG_CXX_LANGUAGE_STANDARD = "gnu++17";
				CLANG_ENABLE_MODULES = YES;
				CLANG_ENABLE_OBJC_ARC = YES;
				CLANG_ENABLE_OBJC_WEAK = YES;
				CLANG_WARN_BLOCK_CAPTURE_AUTORELEASING = YES;
				CLANG_WARN_BOOL_CONVERSION = YES;
				CLANG_WARN_COMMA = YES;
				CLANG_WARN_CONSTANT_CONVERSION = YES;
				CLANG_WARN_DEPRECATED_OBJC_IMPLEMENTATIONS = YES;
				CLANG_WARN_DIRECT_OBJC_ISA_USAGE = YES_ERROR;
				CLANG_WARN_DOCUMENTATION_COMMENTS = YES;
				CLANG_WARN_EMPTY_BODY = YES;
				CLANG_WARN_ENUM_CONVERSION = YES;
				CLANG_WARN_INFINITE_RECURSION = YES;
				CLANG_WARN_INT_CONVERSION = YES;
				CLANG_WARN_NON_LITERAL_NULL_CONVERSION = YES;
				CLANG_WARN_OBJC_IMPLICIT_RETAIN_SELF = YES;
				CLANG_WARN_OBJC_LITERAL_CONVERSION = YES;
				CLANG_WARN_OBJC_ROOT_CLASS = YES_ERROR;
				CLANG_WARN_QUOTED_INCLUDE_IN_FRAMEWORK_HEADER = YES;
				CLANG_WARN_RANGE_LOOP_ANALYSIS = YES;
				CLANG_WARN_STRICT_PROTOTYPES = YES;
				CLANG_WARN_SUSPICIOUS_MOVE = YES;
				CLANG_WARN_UNGUARDED_AVAILABILITY = YES_AGGRESSIVE;
				CLANG_WARN_UNREACHABLE_CODE = YES;
				CLANG_WARN__DUPLICATE_METHOD_MATCH = YES;
				COPY_PHASE_STRIP = NO;
				DEBUG_INFORMATION_FORMAT = "dwarf-with-dsym";
				ENABLE_NS_ASSERTIONS = NO;
				ENABLE_STRICT_OBJC_MSGSEND = YES;
				GCC_C_LANGUAGE_STANDARD = gnu11;
				GCC_NO_COMMON_BLOCKS = YES;
				GCC_WARN_64_TO_32_BIT_CONVERSION = YES;
				GCC_WARN_ABOUT_RETURN_TYPE = YES_ERROR;
				GCC_WARN_UNDECLARED_SELECTOR = YES;
				GCC_WARN_UNINITIALIZED_AUTOS = YES_AGGRESSIVE;
				GCC_WARN_UNUSED_FUNCTION = YES;
				GCC_WARN_UNUSED_VARIABLE = YES;
				IPHONEOS_DEPLOYMENT_TARGET = 15.5;
				MTL_ENABLE_DEBUG_INFO = NO;
				MTL_FAST_MATH = YES;
				SDKROOT = iphoneos;
				VALIDATE_PRODUCT = YES;
			};
			name = Release;
		};
		298B82E128763A2300EE54B8 /* Debug */ = {
			isa = XCBuildConfiguration;
			buildSettings = {
				ASSETCATALOG_COMPILER_APPICON_NAME = AppIcon;
				ASSETCATALOG_COMPILER_GLOBAL_ACCENT_COLOR_NAME = AccentColor;
				CODE_SIGN_STYLE = Automatic;
				CURRENT_PROJECT_VERSION = 1;
				DEVELOPMENT_TEAM = NK59MHNWL2;
				GENERATE_INFOPLIST_FILE = YES;
				INFOPLIST_FILE = Vwitter/Info.plist;
				INFOPLIST_KEY_UIApplicationSupportsIndirectInputEvents = YES;
				INFOPLIST_KEY_UILaunchStoryboardName = LaunchScreen;
				INFOPLIST_KEY_UIMainStoryboardFile = Main;
				INFOPLIST_KEY_UISupportedInterfaceOrientations_iPad = "UIInterfaceOrientationPortrait UIInterfaceOrientationPortraitUpsideDown UIInterfaceOrientationLandscapeLeft UIInterfaceOrientationLandscapeRight";
				INFOPLIST_KEY_UISupportedInterfaceOrientations_iPhone = "UIInterfaceOrientationPortrait UIInterfaceOrientationLandscapeLeft UIInterfaceOrientationLandscapeRight";
				LD_RUNPATH_SEARCH_PATHS = (
					"$(inherited)",
					"@executable_path/Frameworks",
				);
				MARKETING_VERSION = 1.0;
				PRODUCT_BUNDLE_IDENTIFIER = com.cyli.Vwitter;
				PRODUCT_NAME = "$(TARGET_NAME)";
				SWIFT_EMIT_LOC_STRINGS = YES;
				TARGETED_DEVICE_FAMILY = "1,2";
			};
			name = Debug;
		};
		298B82E228763A2300EE54B8 /* Release */ = {
			isa = XCBuildConfiguration;
			buildSettings = {
				ASSETCATALOG_COMPILER_APPICON_NAME = AppIcon;
				ASSETCATALOG_COMPILER_GLOBAL_ACCENT_COLOR_NAME = AccentColor;
				CODE_SIGN_STYLE = Automatic;
				CURRENT_PROJECT_VERSION = 1;
				DEVELOPMENT_TEAM = NK59MHNWL2;
				GENERATE_INFOPLIST_FILE = YES;
				INFOPLIST_FILE = Vwitter/Info.plist;
				INFOPLIST_KEY_UIApplicationSupportsIndirectInputEvents = YES;
				INFOPLIST_KEY_UILaunchStoryboardName = LaunchScreen;
				INFOPLIST_KEY_UIMainStoryboardFile = Main;
				INFOPLIST_KEY_UISupportedInterfaceOrientations_iPad = "UIInterfaceOrientationPortrait UIInterfaceOrientationPortraitUpsideDown UIInterfaceOrientationLandscapeLeft UIInterfaceOrientationLandscapeRight";
				INFOPLIST_KEY_UISupportedInterfaceOrientations_iPhone = "UIInterfaceOrientationPortrait UIInterfaceOrientationLandscapeLeft UIInterfaceOrientationLandscapeRight";
				LD_RUNPATH_SEARCH_PATHS = (
					"$(inherited)",
					"@executable_path/Frameworks",
				);
				MARKETING_VERSION = 1.0;
				PRODUCT_BUNDLE_IDENTIFIER = com.cyli.Vwitter;
				PRODUCT_NAME = "$(TARGET_NAME)";
				SWIFT_EMIT_LOC_STRINGS = YES;
				TARGETED_DEVICE_FAMILY = "1,2";
			};
			name = Release;
		};
		298B82E428763A2300EE54B8 /* Debug */ = {
			isa = XCBuildConfiguration;
			buildSettings = {
				BUNDLE_LOADER = "$(TEST_HOST)";
				CODE_SIGN_STYLE = Automatic;
				CURRENT_PROJECT_VERSION = 1;
				DEVELOPMENT_TEAM = NK59MHNWL2;
				GENERATE_INFOPLIST_FILE = YES;
				IPHONEOS_DEPLOYMENT_TARGET = 15.5;
				MARKETING_VERSION = 1.0;
				PRODUCT_BUNDLE_IDENTIFIER = com.cyli.VwitterTests;
				PRODUCT_NAME = "$(TARGET_NAME)";
				SWIFT_EMIT_LOC_STRINGS = NO;
				TARGETED_DEVICE_FAMILY = "1,2";
				TEST_HOST = "$(BUILT_PRODUCTS_DIR)/Vwitter.app/Vwitter";
			};
			name = Debug;
		};
		298B82E528763A2300EE54B8 /* Release */ = {
			isa = XCBuildConfiguration;
			buildSettings = {
				BUNDLE_LOADER = "$(TEST_HOST)";
				CODE_SIGN_STYLE = Automatic;
				CURRENT_PROJECT_VERSION = 1;
				DEVELOPMENT_TEAM = NK59MHNWL2;
				GENERATE_INFOPLIST_FILE = YES;
				IPHONEOS_DEPLOYMENT_TARGET = 15.5;
				MARKETING_VERSION = 1.0;
				PRODUCT_BUNDLE_IDENTIFIER = com.cyli.VwitterTests;
				PRODUCT_NAME = "$(TARGET_NAME)";
				SWIFT_EMIT_LOC_STRINGS = NO;
				TARGETED_DEVICE_FAMILY = "1,2";
				TEST_HOST = "$(BUILT_PRODUCTS_DIR)/Vwitter.app/Vwitter";
			};
			name = Release;
		};
		298B82E728763A2300EE54B8 /* Debug */ = {
			isa = XCBuildConfiguration;
			buildSettings = {
				CODE_SIGN_STYLE = Automatic;
				CURRENT_PROJECT_VERSION = 1;
				DEVELOPMENT_TEAM = NK59MHNWL2;
				GENERATE_INFOPLIST_FILE = YES;
				MARKETING_VERSION = 1.0;
				PRODUCT_BUNDLE_IDENTIFIER = com.cyli.VwitterUITests;
				PRODUCT_NAME = "$(TARGET_NAME)";
				SWIFT_EMIT_LOC_STRINGS = NO;
				TARGETED_DEVICE_FAMILY = "1,2";
				TEST_TARGET_NAME = Vwitter;
			};
			name = Debug;
		};
		298B82E828763A2300EE54B8 /* Release */ = {
			isa = XCBuildConfiguration;
			buildSettings = {
				CODE_SIGN_STYLE = Automatic;
				CURRENT_PROJECT_VERSION = 1;
				DEVELOPMENT_TEAM = NK59MHNWL2;
				GENERATE_INFOPLIST_FILE = YES;
				MARKETING_VERSION = 1.0;
				PRODUCT_BUNDLE_IDENTIFIER = com.cyli.VwitterUITests;
				PRODUCT_NAME = "$(TARGET_NAME)";
				SWIFT_EMIT_LOC_STRINGS = NO;
				TARGETED_DEVICE_FAMILY = "1,2";
				TEST_TARGET_NAME = Vwitter;
			};
			name = Release;
		};
/* End XCBuildConfiguration section */

/* Begin XCConfigurationList section */
		298B82AC28763A2100EE54B8 /* Build configuration list for PBXProject "Vwitter" */ = {
			isa = XCConfigurationList;
			buildConfigurations = (
				298B82DE28763A2300EE54B8 /* Debug */,
				298B82DF28763A2300EE54B8 /* Release */,
			);
			defaultConfigurationIsVisible = 0;
			defaultConfigurationName = Release;
		};
		298B82E028763A2300EE54B8 /* Build configuration list for PBXNativeTarget "Vwitter" */ = {
			isa = XCConfigurationList;
			buildConfigurations = (
				298B82E128763A2300EE54B8 /* Debug */,
				298B82E228763A2300EE54B8 /* Release */,
			);
			defaultConfigurationIsVisible = 0;
			defaultConfigurationName = Release;
		};
		298B82E328763A2300EE54B8 /* Build configuration list for PBXNativeTarget "VwitterTests" */ = {
			isa = XCConfigurationList;
			buildConfigurations = (
				298B82E428763A2300EE54B8 /* Debug */,
				298B82E528763A2300EE54B8 /* Release */,
			);
			defaultConfigurationIsVisible = 0;
			defaultConfigurationName = Release;
		};
		298B82E628763A2300EE54B8 /* Build configuration list for PBXNativeTarget "VwitterUITests" */ = {
			isa = XCConfigurationList;
			buildConfigurations = (
				298B82E728763A2300EE54B8 /* Debug */,
				298B82E828763A2300EE54B8 /* Release */,
			);
			defaultConfigurationIsVisible = 0;
			defaultConfigurationName = Release;
		};
/* End XCConfigurationList section */
	};
	rootObject = 298B82A928763A2100EE54B8 /* Project object */;
}
