// !$*UTF8*$!
{
	archiveVersion = 1;
	classes = {
	};
	objectVersion = 55;
	objects = {

/* Begin PBXBuildFile section */
		17966EBD10E3EB1BC2FAAD61 /* Pods_Vwitter.framework in Frameworks */ = {isa = PBXBuildFile; fileRef = 894F0F1003377F1354C45F05 /* Pods_Vwitter.framework */; };
		298B82B628763A2100EE54B8 /* AppDelegate.m in Sources */ = {isa = PBXBuildFile; fileRef = 298B82B528763A2100EE54B8 /* AppDelegate.m */; };
		298B82B928763A2100EE54B8 /* SceneDelegate.m in Sources */ = {isa = PBXBuildFile; fileRef = 298B82B828763A2100EE54B8 /* SceneDelegate.m */; };
		298B82BF28763A2100EE54B8 /* Main.storyboard in Resources */ = {isa = PBXBuildFile; fileRef = 298B82BD28763A2100EE54B8 /* Main.storyboard */; };
		298B82C128763A2300EE54B8 /* Assets.xcassets in Resources */ = {isa = PBXBuildFile; fileRef = 298B82C028763A2300EE54B8 /* Assets.xcassets */; };
		298B82C428763A2300EE54B8 /* LaunchScreen.storyboard in Resources */ = {isa = PBXBuildFile; fileRef = 298B82C228763A2300EE54B8 /* LaunchScreen.storyboard */; };
		298B82C728763A2300EE54B8 /* main.m in Sources */ = {isa = PBXBuildFile; fileRef = 298B82C628763A2300EE54B8 /* main.m */; };
		298B82D128763A2300EE54B8 /* VwitterTests.m in Sources */ = {isa = PBXBuildFile; fileRef = 298B82D028763A2300EE54B8 /* VwitterTests.m */; };
		298B82DB28763A2300EE54B8 /* VwitterUITests.m in Sources */ = {isa = PBXBuildFile; fileRef = 298B82DA28763A2300EE54B8 /* VwitterUITests.m */; };
		298B82DD28763A2300EE54B8 /* VwitterUITestsLaunchTests.m in Sources */ = {isa = PBXBuildFile; fileRef = 298B82DC28763A2300EE54B8 /* VwitterUITestsLaunchTests.m */; };
		298B82EC2878A15D00EE54B8 /* LoginViewController.m in Sources */ = {isa = PBXBuildFile; fileRef = 298B82EB2878A15D00EE54B8 /* LoginViewController.m */; };
		298B82EF2878AF3000EE54B8 /* HomeViewController.m in Sources */ = {isa = PBXBuildFile; fileRef = 298B82EE2878AF3000EE54B8 /* HomeViewController.m */; };
		298B82F22878C95E00EE54B8 /* ComposeViewController.m in Sources */ = {isa = PBXBuildFile; fileRef = 298B82F12878C95E00EE54B8 /* ComposeViewController.m */; };
		298B82F52878D5EA00EE54B8 /* SelectAudienceViewController.m in Sources */ = {isa = PBXBuildFile; fileRef = 298B82F42878D5EA00EE54B8 /* SelectAudienceViewController.m */; };
		298B82F92878DF0900EE54B8 /* VWUser.m in Sources */ = {isa = PBXBuildFile; fileRef = 298B82F82878DF0900EE54B8 /* VWUser.m */; };
		298B82FC2878E30F00EE54B8 /* SearchUsersViewController.m in Sources */ = {isa = PBXBuildFile; fileRef = 298B82FB2878E30F00EE54B8 /* SearchUsersViewController.m */; };
		298B82FF2878E3F100EE54B8 /* ProfileViewController.m in Sources */ = {isa = PBXBuildFile; fileRef = 298B82FE2878E3F100EE54B8 /* ProfileViewController.m */; };
		298B83022878EAFA00EE54B8 /* SignupViewController.m in Sources */ = {isa = PBXBuildFile; fileRef = 298B83012878EAFA00EE54B8 /* SignupViewController.m */; };
		298B8304287935F900EE54B8 /* Keys.plist in Resources */ = {isa = PBXBuildFile; fileRef = 298B8303287935F900EE54B8 /* Keys.plist */; };
		298B8307287C9C7B00EE54B8 /* UIViewController+ErrorAlertPresenter.m in Sources */ = {isa = PBXBuildFile; fileRef = 298B8306287C9C7B00EE54B8 /* UIViewController+ErrorAlertPresenter.m */; };
		298B830A287CD3E000EE54B8 /* UserCell.m in Sources */ = {isa = PBXBuildFile; fileRef = 298B8309287CD3E000EE54B8 /* UserCell.m */; };
		298B830D287CD99E00EE54B8 /* Follow.m in Sources */ = {isa = PBXBuildFile; fileRef = 298B830C287CD99E00EE54B8 /* Follow.m */; };
		298B8310287DFF5500EE54B8 /* AudienceMemberCell.m in Sources */ = {isa = PBXBuildFile; fileRef = 298B830F287DFF5500EE54B8 /* AudienceMemberCell.m */; };
		298B831F287E1BFA00EE54B8 /* Vent.m in Sources */ = {isa = PBXBuildFile; fileRef = 298B831E287E1BFA00EE54B8 /* Vent.m */; };
		298B8322287E1C6000EE54B8 /* VentAudience.m in Sources */ = {isa = PBXBuildFile; fileRef = 298B8321287E1C6000EE54B8 /* VentAudience.m */; };
		298B8325287E1CDC00EE54B8 /* GroupDetails.m in Sources */ = {isa = PBXBuildFile; fileRef = 298B8324287E1CDC00EE54B8 /* GroupDetails.m */; };
		298B8328287E1D8700EE54B8 /* GroupMembership.m in Sources */ = {isa = PBXBuildFile; fileRef = 298B8327287E1D8700EE54B8 /* GroupMembership.m */; };
		298B832B28808A8E00EE54B8 /* VentCell.m in Sources */ = {isa = PBXBuildFile; fileRef = 298B832A28808A8E00EE54B8 /* VentCell.m */; };
		BDA7F819A0286F3B39A008CB /* Pods_VwitterTests.framework in Frameworks */ = {isa = PBXBuildFile; fileRef = 3FAF62101235E35D90DEFAAC /* Pods_VwitterTests.framework */; };
		DA1CE8C75883D35ED75901CF /* Pods_Vwitter_VwitterUITests.framework in Frameworks */ = {isa = PBXBuildFile; fileRef = 331D1081242141322F3BA4A9 /* Pods_Vwitter_VwitterUITests.framework */; };
/* End PBXBuildFile section */

/* Begin PBXContainerItemProxy section */
		298B82CD28763A2300EE54B8 /* PBXContainerItemProxy */ = {
			isa = PBXContainerItemProxy;
			containerPortal = 298B82A928763A2100EE54B8 /* Project object */;
			proxyType = 1;
			remoteGlobalIDString = 298B82B028763A2100EE54B8;
			remoteInfo = Vwitter;
		};
		298B82D728763A2300EE54B8 /* PBXContainerItemProxy */ = {
			isa = PBXContainerItemProxy;
			containerPortal = 298B82A928763A2100EE54B8 /* Project object */;
			proxyType = 1;
			remoteGlobalIDString = 298B82B028763A2100EE54B8;
			remoteInfo = Vwitter;
		};
/* End PBXContainerItemProxy section */

/* Begin PBXFileReference section */
		221521725659A1798AF2F840 /* Pods-Vwitter-VwitterUITests.debug.xcconfig */ = {isa = PBXFileReference; includeInIndex = 1; lastKnownFileType = text.xcconfig; name = "Pods-Vwitter-VwitterUITests.debug.xcconfig"; path = "Target Support Files/Pods-Vwitter-VwitterUITests/Pods-Vwitter-VwitterUITests.debug.xcconfig"; sourceTree = "<group>"; };
		298B82B128763A2100EE54B8 /* Vwitter.app */ = {isa = PBXFileReference; explicitFileType = wrapper.application; includeInIndex = 0; path = Vwitter.app; sourceTree = BUILT_PRODUCTS_DIR; };
		298B82B428763A2100EE54B8 /* AppDelegate.h */ = {isa = PBXFileReference; lastKnownFileType = sourcecode.c.h; path = AppDelegate.h; sourceTree = "<group>"; };
		298B82B528763A2100EE54B8 /* AppDelegate.m */ = {isa = PBXFileReference; lastKnownFileType = sourcecode.c.objc; path = AppDelegate.m; sourceTree = "<group>"; };
		298B82B728763A2100EE54B8 /* SceneDelegate.h */ = {isa = PBXFileReference; lastKnownFileType = sourcecode.c.h; path = SceneDelegate.h; sourceTree = "<group>"; };
		298B82B828763A2100EE54B8 /* SceneDelegate.m */ = {isa = PBXFileReference; lastKnownFileType = sourcecode.c.objc; path = SceneDelegate.m; sourceTree = "<group>"; };
		298B82BE28763A2100EE54B8 /* Base */ = {isa = PBXFileReference; lastKnownFileType = file.storyboard; name = Base; path = Base.lproj/Main.storyboard; sourceTree = "<group>"; };
		298B82C028763A2300EE54B8 /* Assets.xcassets */ = {isa = PBXFileReference; lastKnownFileType = folder.assetcatalog; path = Assets.xcassets; sourceTree = "<group>"; };
		298B82C328763A2300EE54B8 /* Base */ = {isa = PBXFileReference; lastKnownFileType = file.storyboard; name = Base; path = Base.lproj/LaunchScreen.storyboard; sourceTree = "<group>"; };
		298B82C528763A2300EE54B8 /* Info.plist */ = {isa = PBXFileReference; lastKnownFileType = text.plist.xml; path = Info.plist; sourceTree = "<group>"; };
		298B82C628763A2300EE54B8 /* main.m */ = {isa = PBXFileReference; lastKnownFileType = sourcecode.c.objc; path = main.m; sourceTree = "<group>"; };
		298B82CC28763A2300EE54B8 /* VwitterTests.xctest */ = {isa = PBXFileReference; explicitFileType = wrapper.cfbundle; includeInIndex = 0; path = VwitterTests.xctest; sourceTree = BUILT_PRODUCTS_DIR; };
		298B82D028763A2300EE54B8 /* VwitterTests.m */ = {isa = PBXFileReference; lastKnownFileType = sourcecode.c.objc; path = VwitterTests.m; sourceTree = "<group>"; };
		298B82D628763A2300EE54B8 /* VwitterUITests.xctest */ = {isa = PBXFileReference; explicitFileType = wrapper.cfbundle; includeInIndex = 0; path = VwitterUITests.xctest; sourceTree = BUILT_PRODUCTS_DIR; };
		298B82DA28763A2300EE54B8 /* VwitterUITests.m */ = {isa = PBXFileReference; lastKnownFileType = sourcecode.c.objc; path = VwitterUITests.m; sourceTree = "<group>"; };
		298B82DC28763A2300EE54B8 /* VwitterUITestsLaunchTests.m */ = {isa = PBXFileReference; lastKnownFileType = sourcecode.c.objc; path = VwitterUITestsLaunchTests.m; sourceTree = "<group>"; };
		298B82EA2878A15D00EE54B8 /* LoginViewController.h */ = {isa = PBXFileReference; lastKnownFileType = sourcecode.c.h; path = LoginViewController.h; sourceTree = "<group>"; };
		298B82EB2878A15D00EE54B8 /* LoginViewController.m */ = {isa = PBXFileReference; lastKnownFileType = sourcecode.c.objc; path = LoginViewController.m; sourceTree = "<group>"; };
		298B82ED2878AF3000EE54B8 /* HomeViewController.h */ = {isa = PBXFileReference; lastKnownFileType = sourcecode.c.h; path = HomeViewController.h; sourceTree = "<group>"; };
		298B82EE2878AF3000EE54B8 /* HomeViewController.m */ = {isa = PBXFileReference; lastKnownFileType = sourcecode.c.objc; path = HomeViewController.m; sourceTree = "<group>"; };
		298B82F02878C95E00EE54B8 /* ComposeViewController.h */ = {isa = PBXFileReference; lastKnownFileType = sourcecode.c.h; path = ComposeViewController.h; sourceTree = "<group>"; };
		298B82F12878C95E00EE54B8 /* ComposeViewController.m */ = {isa = PBXFileReference; lastKnownFileType = sourcecode.c.objc; path = ComposeViewController.m; sourceTree = "<group>"; };
		298B82F32878D5EA00EE54B8 /* SelectAudienceViewController.h */ = {isa = PBXFileReference; lastKnownFileType = sourcecode.c.h; path = SelectAudienceViewController.h; sourceTree = "<group>"; };
		298B82F42878D5EA00EE54B8 /* SelectAudienceViewController.m */ = {isa = PBXFileReference; lastKnownFileType = sourcecode.c.objc; path = SelectAudienceViewController.m; sourceTree = "<group>"; };
		298B82F72878DF0900EE54B8 /* VWUser.h */ = {isa = PBXFileReference; lastKnownFileType = sourcecode.c.h; path = VWUser.h; sourceTree = "<group>"; };
		298B82F82878DF0900EE54B8 /* VWUser.m */ = {isa = PBXFileReference; lastKnownFileType = sourcecode.c.objc; path = VWUser.m; sourceTree = "<group>"; };
		298B82FA2878E30F00EE54B8 /* SearchUsersViewController.h */ = {isa = PBXFileReference; lastKnownFileType = sourcecode.c.h; path = SearchUsersViewController.h; sourceTree = "<group>"; };
		298B82FB2878E30F00EE54B8 /* SearchUsersViewController.m */ = {isa = PBXFileReference; lastKnownFileType = sourcecode.c.objc; path = SearchUsersViewController.m; sourceTree = "<group>"; };
		298B82FD2878E3F100EE54B8 /* ProfileViewController.h */ = {isa = PBXFileReference; lastKnownFileType = sourcecode.c.h; path = ProfileViewController.h; sourceTree = "<group>"; };
		298B82FE2878E3F100EE54B8 /* ProfileViewController.m */ = {isa = PBXFileReference; lastKnownFileType = sourcecode.c.objc; path = ProfileViewController.m; sourceTree = "<group>"; };
		298B83002878EAFA00EE54B8 /* SignupViewController.h */ = {isa = PBXFileReference; lastKnownFileType = sourcecode.c.h; path = SignupViewController.h; sourceTree = "<group>"; };
		298B83012878EAFA00EE54B8 /* SignupViewController.m */ = {isa = PBXFileReference; lastKnownFileType = sourcecode.c.objc; path = SignupViewController.m; sourceTree = "<group>"; };
		298B8303287935F900EE54B8 /* Keys.plist */ = {isa = PBXFileReference; lastKnownFileType = text.plist.xml; path = Keys.plist; sourceTree = "<group>"; };
		298B8305287C9C7B00EE54B8 /* UIViewController+ErrorAlertPresenter.h */ = {isa = PBXFileReference; lastKnownFileType = sourcecode.c.h; path = "UIViewController+ErrorAlertPresenter.h"; sourceTree = "<group>"; };
		298B8306287C9C7B00EE54B8 /* UIViewController+ErrorAlertPresenter.m */ = {isa = PBXFileReference; lastKnownFileType = sourcecode.c.objc; path = "UIViewController+ErrorAlertPresenter.m"; sourceTree = "<group>"; };
		298B8308287CD3E000EE54B8 /* UserCell.h */ = {isa = PBXFileReference; lastKnownFileType = sourcecode.c.h; path = UserCell.h; sourceTree = "<group>"; };
		298B8309287CD3E000EE54B8 /* UserCell.m */ = {isa = PBXFileReference; lastKnownFileType = sourcecode.c.objc; path = UserCell.m; sourceTree = "<group>"; };
		298B830B287CD99E00EE54B8 /* Follow.h */ = {isa = PBXFileReference; lastKnownFileType = sourcecode.c.h; path = Follow.h; sourceTree = "<group>"; };
		298B830C287CD99E00EE54B8 /* Follow.m */ = {isa = PBXFileReference; lastKnownFileType = sourcecode.c.objc; path = Follow.m; sourceTree = "<group>"; };
		298B830E287DFF5500EE54B8 /* AudienceMemberCell.h */ = {isa = PBXFileReference; lastKnownFileType = sourcecode.c.h; path = AudienceMemberCell.h; sourceTree = "<group>"; };
		298B830F287DFF5500EE54B8 /* AudienceMemberCell.m */ = {isa = PBXFileReference; lastKnownFileType = sourcecode.c.objc; path = AudienceMemberCell.m; sourceTree = "<group>"; };
		298B831D287E1BFA00EE54B8 /* Vent.h */ = {isa = PBXFileReference; lastKnownFileType = sourcecode.c.h; path = Vent.h; sourceTree = "<group>"; };
		298B831E287E1BFA00EE54B8 /* Vent.m */ = {isa = PBXFileReference; lastKnownFileType = sourcecode.c.objc; path = Vent.m; sourceTree = "<group>"; };
		298B8320287E1C6000EE54B8 /* VentAudience.h */ = {isa = PBXFileReference; lastKnownFileType = sourcecode.c.h; path = VentAudience.h; sourceTree = "<group>"; };
		298B8321287E1C6000EE54B8 /* VentAudience.m */ = {isa = PBXFileReference; lastKnownFileType = sourcecode.c.objc; path = VentAudience.m; sourceTree = "<group>"; };
		298B8323287E1CDC00EE54B8 /* GroupDetails.h */ = {isa = PBXFileReference; lastKnownFileType = sourcecode.c.h; path = GroupDetails.h; sourceTree = "<group>"; };
		298B8324287E1CDC00EE54B8 /* GroupDetails.m */ = {isa = PBXFileReference; lastKnownFileType = sourcecode.c.objc; path = GroupDetails.m; sourceTree = "<group>"; };
		298B8326287E1D8700EE54B8 /* GroupMembership.h */ = {isa = PBXFileReference; lastKnownFileType = sourcecode.c.h; path = GroupMembership.h; sourceTree = "<group>"; };
		298B8327287E1D8700EE54B8 /* GroupMembership.m */ = {isa = PBXFileReference; lastKnownFileType = sourcecode.c.objc; path = GroupMembership.m; sourceTree = "<group>"; };
		298B832928808A8E00EE54B8 /* VentCell.h */ = {isa = PBXFileReference; lastKnownFileType = sourcecode.c.h; path = VentCell.h; sourceTree = "<group>"; };
		298B832A28808A8E00EE54B8 /* VentCell.m */ = {isa = PBXFileReference; lastKnownFileType = sourcecode.c.objc; path = VentCell.m; sourceTree = "<group>"; };
		298B832C2880D52D00EE54B8 /* VWHelpers.h */ = {isa = PBXFileReference; lastKnownFileType = sourcecode.c.h; path = VWHelpers.h; sourceTree = "<group>"; };
		331D1081242141322F3BA4A9 /* Pods_Vwitter_VwitterUITests.framework */ = {isa = PBXFileReference; explicitFileType = wrapper.framework; includeInIndex = 0; path = Pods_Vwitter_VwitterUITests.framework; sourceTree = BUILT_PRODUCTS_DIR; };
		3FAF62101235E35D90DEFAAC /* Pods_VwitterTests.framework */ = {isa = PBXFileReference; explicitFileType = wrapper.framework; includeInIndex = 0; path = Pods_VwitterTests.framework; sourceTree = BUILT_PRODUCTS_DIR; };
		6A5D72133CCDA51BC7A511AE /* Pods-Vwitter.debug.xcconfig */ = {isa = PBXFileReference; includeInIndex = 1; lastKnownFileType = text.xcconfig; name = "Pods-Vwitter.debug.xcconfig"; path = "Target Support Files/Pods-Vwitter/Pods-Vwitter.debug.xcconfig"; sourceTree = "<group>"; };
		798736688B6AEEDAF86E81F3 /* Pods-Vwitter-VwitterUITests.release.xcconfig */ = {isa = PBXFileReference; includeInIndex = 1; lastKnownFileType = text.xcconfig; name = "Pods-Vwitter-VwitterUITests.release.xcconfig"; path = "Target Support Files/Pods-Vwitter-VwitterUITests/Pods-Vwitter-VwitterUITests.release.xcconfig"; sourceTree = "<group>"; };
		894F0F1003377F1354C45F05 /* Pods_Vwitter.framework */ = {isa = PBXFileReference; explicitFileType = wrapper.framework; includeInIndex = 0; path = Pods_Vwitter.framework; sourceTree = BUILT_PRODUCTS_DIR; };
		EA87C5075EB2F94E5E6517A5 /* Pods-VwitterTests.release.xcconfig */ = {isa = PBXFileReference; includeInIndex = 1; lastKnownFileType = text.xcconfig; name = "Pods-VwitterTests.release.xcconfig"; path = "Target Support Files/Pods-VwitterTests/Pods-VwitterTests.release.xcconfig"; sourceTree = "<group>"; };
		EF1191A3716A5FAB9E15358A /* Pods-VwitterTests.debug.xcconfig */ = {isa = PBXFileReference; includeInIndex = 1; lastKnownFileType = text.xcconfig; name = "Pods-VwitterTests.debug.xcconfig"; path = "Target Support Files/Pods-VwitterTests/Pods-VwitterTests.debug.xcconfig"; sourceTree = "<group>"; };
		F9C6930335159782278F381F /* Pods-Vwitter.release.xcconfig */ = {isa = PBXFileReference; includeInIndex = 1; lastKnownFileType = text.xcconfig; name = "Pods-Vwitter.release.xcconfig"; path = "Target Support Files/Pods-Vwitter/Pods-Vwitter.release.xcconfig"; sourceTree = "<group>"; };
/* End PBXFileReference section */

/* Begin PBXFrameworksBuildPhase section */
		298B82AE28763A2100EE54B8 /* Frameworks */ = {
			isa = PBXFrameworksBuildPhase;
			buildActionMask = 2147483647;
			files = (
				17966EBD10E3EB1BC2FAAD61 /* Pods_Vwitter.framework in Frameworks */,
			);
			runOnlyForDeploymentPostprocessing = 0;
		};
		298B82C928763A2300EE54B8 /* Frameworks */ = {
			isa = PBXFrameworksBuildPhase;
			buildActionMask = 2147483647;
			files = (
				BDA7F819A0286F3B39A008CB /* Pods_VwitterTests.framework in Frameworks */,
			);
			runOnlyForDeploymentPostprocessing = 0;
		};
		298B82D328763A2300EE54B8 /* Frameworks */ = {
			isa = PBXFrameworksBuildPhase;
			buildActionMask = 2147483647;
			files = (
				DA1CE8C75883D35ED75901CF /* Pods_Vwitter_VwitterUITests.framework in Frameworks */,
			);
			runOnlyForDeploymentPostprocessing = 0;
		};
/* End PBXFrameworksBuildPhase section */

/* Begin PBXGroup section */
		298B82A828763A2100EE54B8 = {
			isa = PBXGroup;
			children = (
				298B82B328763A2100EE54B8 /* Vwitter */,
				298B82CF28763A2300EE54B8 /* VwitterTests */,
				298B82D928763A2300EE54B8 /* VwitterUITests */,
				298B82B228763A2100EE54B8 /* Products */,
				7E6EAC97CF69670635C4FEC0 /* Pods */,
				DE16D2202A9222F898C735BE /* Frameworks */,
			);
			sourceTree = "<group>";
		};
		298B82B228763A2100EE54B8 /* Products */ = {
			isa = PBXGroup;
			children = (
				298B82B128763A2100EE54B8 /* Vwitter.app */,
				298B82CC28763A2300EE54B8 /* VwitterTests.xctest */,
				298B82D628763A2300EE54B8 /* VwitterUITests.xctest */,
			);
			name = Products;
			sourceTree = "<group>";
		};
		298B82B328763A2100EE54B8 /* Vwitter */ = {
			isa = PBXGroup;
			children = (
				298B82F62878DEEC00EE54B8 /* Models */,
				298B82E92878A14E00EE54B8 /* View Controllers */,
				298B82B428763A2100EE54B8 /* AppDelegate.h */,
				298B82B528763A2100EE54B8 /* AppDelegate.m */,
				298B82B728763A2100EE54B8 /* SceneDelegate.h */,
				298B82B828763A2100EE54B8 /* SceneDelegate.m */,
				298B82BD28763A2100EE54B8 /* Main.storyboard */,
				298B8308287CD3E000EE54B8 /* UserCell.h */,
				298B8309287CD3E000EE54B8 /* UserCell.m */,
				298B82C028763A2300EE54B8 /* Assets.xcassets */,
				298B82C228763A2300EE54B8 /* LaunchScreen.storyboard */,
				298B82C528763A2300EE54B8 /* Info.plist */,
				298B82C628763A2300EE54B8 /* main.m */,
				298B8303287935F900EE54B8 /* Keys.plist */,
				298B8305287C9C7B00EE54B8 /* UIViewController+ErrorAlertPresenter.h */,
				298B8306287C9C7B00EE54B8 /* UIViewController+ErrorAlertPresenter.m */,
				298B830E287DFF5500EE54B8 /* AudienceMemberCell.h */,
				298B830F287DFF5500EE54B8 /* AudienceMemberCell.m */,
				298B832928808A8E00EE54B8 /* VentCell.h */,
				298B832A28808A8E00EE54B8 /* VentCell.m */,
				298B832C2880D52D00EE54B8 /* VWHelpers.h */,
			);
			path = Vwitter;
			sourceTree = "<group>";
		};
		298B82CF28763A2300EE54B8 /* VwitterTests */ = {
			isa = PBXGroup;
			children = (
				298B82D028763A2300EE54B8 /* VwitterTests.m */,
			);
			path = VwitterTests;
			sourceTree = "<group>";
		};
		298B82D928763A2300EE54B8 /* VwitterUITests */ = {
			isa = PBXGroup;
			children = (
				298B82DA28763A2300EE54B8 /* VwitterUITests.m */,
				298B82DC28763A2300EE54B8 /* VwitterUITestsLaunchTests.m */,
			);
			path = VwitterUITests;
			sourceTree = "<group>";
		};
		298B82E92878A14E00EE54B8 /* View Controllers */ = {
			isa = PBXGroup;
			children = (
				298B82EA2878A15D00EE54B8 /* LoginViewController.h */,
				298B82EB2878A15D00EE54B8 /* LoginViewController.m */,
				298B82ED2878AF3000EE54B8 /* HomeViewController.h */,
				298B82EE2878AF3000EE54B8 /* HomeViewController.m */,
				298B82F02878C95E00EE54B8 /* ComposeViewController.h */,
				298B82F12878C95E00EE54B8 /* ComposeViewController.m */,
				298B82F32878D5EA00EE54B8 /* SelectAudienceViewController.h */,
				298B82F42878D5EA00EE54B8 /* SelectAudienceViewController.m */,
				298B82FA2878E30F00EE54B8 /* SearchUsersViewController.h */,
				298B82FB2878E30F00EE54B8 /* SearchUsersViewController.m */,
				298B82FD2878E3F100EE54B8 /* ProfileViewController.h */,
				298B82FE2878E3F100EE54B8 /* ProfileViewController.m */,
				298B83002878EAFA00EE54B8 /* SignupViewController.h */,
				298B83012878EAFA00EE54B8 /* SignupViewController.m */,
			);
			path = "View Controllers";
			sourceTree = "<group>";
		};
		298B82F62878DEEC00EE54B8 /* Models */ = {
			isa = PBXGroup;
			children = (
				298B82F72878DF0900EE54B8 /* VWUser.h */,
				298B82F82878DF0900EE54B8 /* VWUser.m */,
				298B830B287CD99E00EE54B8 /* Follow.h */,
				298B830C287CD99E00EE54B8 /* Follow.m */,
				298B831D287E1BFA00EE54B8 /* Vent.h */,
				298B831E287E1BFA00EE54B8 /* Vent.m */,
				298B8320287E1C6000EE54B8 /* VentAudience.h */,
				298B8321287E1C6000EE54B8 /* VentAudience.m */,
				298B8323287E1CDC00EE54B8 /* GroupDetails.h */,
				298B8324287E1CDC00EE54B8 /* GroupDetails.m */,
				298B8326287E1D8700EE54B8 /* GroupMembership.h */,
				298B8327287E1D8700EE54B8 /* GroupMembership.m */,
			);
			path = Models;
			sourceTree = "<group>";
		};
		7E6EAC97CF69670635C4FEC0 /* Pods */ = {
			isa = PBXGroup;
			children = (
				6A5D72133CCDA51BC7A511AE /* Pods-Vwitter.debug.xcconfig */,
				F9C6930335159782278F381F /* Pods-Vwitter.release.xcconfig */,
				221521725659A1798AF2F840 /* Pods-Vwitter-VwitterUITests.debug.xcconfig */,
				798736688B6AEEDAF86E81F3 /* Pods-Vwitter-VwitterUITests.release.xcconfig */,
				EF1191A3716A5FAB9E15358A /* Pods-VwitterTests.debug.xcconfig */,
				EA87C5075EB2F94E5E6517A5 /* Pods-VwitterTests.release.xcconfig */,
			);
			path = Pods;
			sourceTree = "<group>";
		};
		DE16D2202A9222F898C735BE /* Frameworks */ = {
			isa = PBXGroup;
			children = (
				894F0F1003377F1354C45F05 /* Pods_Vwitter.framework */,
				331D1081242141322F3BA4A9 /* Pods_Vwitter_VwitterUITests.framework */,
				3FAF62101235E35D90DEFAAC /* Pods_VwitterTests.framework */,
			);
			name = Frameworks;
			sourceTree = "<group>";
		};
/* End PBXGroup section */

/* Begin PBXNativeTarget section */
		298B82B028763A2100EE54B8 /* Vwitter */ = {
			isa = PBXNativeTarget;
			buildConfigurationList = 298B82E028763A2300EE54B8 /* Build configuration list for PBXNativeTarget "Vwitter" */;
			buildPhases = (
				897C7DB3193C10AD93A6EFC5 /* [CP] Check Pods Manifest.lock */,
				298B82AD28763A2100EE54B8 /* Sources */,
				298B82AE28763A2100EE54B8 /* Frameworks */,
				298B82AF28763A2100EE54B8 /* Resources */,
				12CAE9F219A06B31B97B1AAD /* [CP] Embed Pods Frameworks */,
			);
			buildRules = (
			);
			dependencies = (
			);
			name = Vwitter;
			productName = Vwitter;
			productReference = 298B82B128763A2100EE54B8 /* Vwitter.app */;
			productType = "com.apple.product-type.application";
		};
		298B82CB28763A2300EE54B8 /* VwitterTests */ = {
			isa = PBXNativeTarget;
			buildConfigurationList = 298B82E328763A2300EE54B8 /* Build configuration list for PBXNativeTarget "VwitterTests" */;
			buildPhases = (
				48321730CA81AA1858AB3DF7 /* [CP] Check Pods Manifest.lock */,
				298B82C828763A2300EE54B8 /* Sources */,
				298B82C928763A2300EE54B8 /* Frameworks */,
				298B82CA28763A2300EE54B8 /* Resources */,
			);
			buildRules = (
			);
			dependencies = (
				298B82CE28763A2300EE54B8 /* PBXTargetDependency */,
			);
			name = VwitterTests;
			productName = VwitterTests;
			productReference = 298B82CC28763A2300EE54B8 /* VwitterTests.xctest */;
			productType = "com.apple.product-type.bundle.unit-test";
		};
		298B82D528763A2300EE54B8 /* VwitterUITests */ = {
			isa = PBXNativeTarget;
			buildConfigurationList = 298B82E628763A2300EE54B8 /* Build configuration list for PBXNativeTarget "VwitterUITests" */;
			buildPhases = (
				89542B66CCE8F7BE90889799 /* [CP] Check Pods Manifest.lock */,
				298B82D228763A2300EE54B8 /* Sources */,
				298B82D328763A2300EE54B8 /* Frameworks */,
				298B82D428763A2300EE54B8 /* Resources */,
				9C911CDBD74F4D3E1727E2EA /* [CP] Embed Pods Frameworks */,
			);
			buildRules = (
			);
			dependencies = (
				298B82D828763A2300EE54B8 /* PBXTargetDependency */,
			);
			name = VwitterUITests;
			productName = VwitterUITests;
			productReference = 298B82D628763A2300EE54B8 /* VwitterUITests.xctest */;
			productType = "com.apple.product-type.bundle.ui-testing";
		};
/* End PBXNativeTarget section */

/* Begin PBXProject section */
		298B82A928763A2100EE54B8 /* Project object */ = {
			isa = PBXProject;
			attributes = {
				BuildIndependentTargetsInParallel = 1;
				LastUpgradeCheck = 1340;
				TargetAttributes = {
					298B82B028763A2100EE54B8 = {
						CreatedOnToolsVersion = 13.4;
					};
					298B82CB28763A2300EE54B8 = {
						CreatedOnToolsVersion = 13.4;
						TestTargetID = 298B82B028763A2100EE54B8;
					};
					298B82D528763A2300EE54B8 = {
						CreatedOnToolsVersion = 13.4;
						TestTargetID = 298B82B028763A2100EE54B8;
					};
				};
			};
			buildConfigurationList = 298B82AC28763A2100EE54B8 /* Build configuration list for PBXProject "Vwitter" */;
			compatibilityVersion = "Xcode 13.0";
			developmentRegion = en;
			hasScannedForEncodings = 0;
			knownRegions = (
				en,
				Base,
			);
			mainGroup = 298B82A828763A2100EE54B8;
			productRefGroup = 298B82B228763A2100EE54B8 /* Products */;
			projectDirPath = "";
			projectRoot = "";
			targets = (
				298B82B028763A2100EE54B8 /* Vwitter */,
				298B82CB28763A2300EE54B8 /* VwitterTests */,
				298B82D528763A2300EE54B8 /* VwitterUITests */,
			);
		};
/* End PBXProject section */

/* Begin PBXResourcesBuildPhase section */
		298B82AF28763A2100EE54B8 /* Resources */ = {
			isa = PBXResourcesBuildPhase;
			buildActionMask = 2147483647;
			files = (
				298B8304287935F900EE54B8 /* Keys.plist in Resources */,
				298B82C428763A2300EE54B8 /* LaunchScreen.storyboard in Resources */,
				298B82C128763A2300EE54B8 /* Assets.xcassets in Resources */,
				298B82BF28763A2100EE54B8 /* Main.storyboard in Resources */,
			);
			runOnlyForDeploymentPostprocessing = 0;
		};
		298B82CA28763A2300EE54B8 /* Resources */ = {
			isa = PBXResourcesBuildPhase;
			buildActionMask = 2147483647;
			files = (
			);
			runOnlyForDeploymentPostprocessing = 0;
		};
		298B82D428763A2300EE54B8 /* Resources */ = {
			isa = PBXResourcesBuildPhase;
			buildActionMask = 2147483647;
			files = (
			);
			runOnlyForDeploymentPostprocessing = 0;
		};
/* End PBXResourcesBuildPhase section */

/* Begin PBXShellScriptBuildPhase section */
		12CAE9F219A06B31B97B1AAD /* [CP] Embed Pods Frameworks */ = {
			isa = PBXShellScriptBuildPhase;
			buildActionMask = 2147483647;
			files = (
			);
			inputFileListPaths = (
				"${PODS_ROOT}/Target Support Files/Pods-Vwitter/Pods-Vwitter-frameworks-${CONFIGURATION}-input-files.xcfilelist",
			);
			name = "[CP] Embed Pods Frameworks";
			outputFileListPaths = (
				"${PODS_ROOT}/Target Support Files/Pods-Vwitter/Pods-Vwitter-frameworks-${CONFIGURATION}-output-files.xcfilelist",
			);
			runOnlyForDeploymentPostprocessing = 0;
			shellPath = /bin/sh;
			shellScript = "\"${PODS_ROOT}/Target Support Files/Pods-Vwitter/Pods-Vwitter-frameworks.sh\"\n";
			showEnvVarsInLog = 0;
		};
		48321730CA81AA1858AB3DF7 /* [CP] Check Pods Manifest.lock */ = {
			isa = PBXShellScriptBuildPhase;
			buildActionMask = 2147483647;
			files = (
			);
			inputFileListPaths = (
			);
			inputPaths = (
				"${PODS_PODFILE_DIR_PATH}/Podfile.lock",
				"${PODS_ROOT}/Manifest.lock",
			);
			name = "[CP] Check Pods Manifest.lock";
			outputFileListPaths = (
			);
			outputPaths = (
				"$(DERIVED_FILE_DIR)/Pods-VwitterTests-checkManifestLockResult.txt",
			);
			runOnlyForDeploymentPostprocessing = 0;
			shellPath = /bin/sh;
			shellScript = "diff \"${PODS_PODFILE_DIR_PATH}/Podfile.lock\" \"${PODS_ROOT}/Manifest.lock\" > /dev/null\nif [ $? != 0 ] ; then\n    # print error to STDERR\n    echo \"error: The sandbox is not in sync with the Podfile.lock. Run 'pod install' or update your CocoaPods installation.\" >&2\n    exit 1\nfi\n# This output is used by Xcode 'outputs' to avoid re-running this script phase.\necho \"SUCCESS\" > \"${SCRIPT_OUTPUT_FILE_0}\"\n";
			showEnvVarsInLog = 0;
		};
		89542B66CCE8F7BE90889799 /* [CP] Check Pods Manifest.lock */ = {
			isa = PBXShellScriptBuildPhase;
			buildActionMask = 2147483647;
			files = (
			);
			inputFileListPaths = (
			);
			inputPaths = (
				"${PODS_PODFILE_DIR_PATH}/Podfile.lock",
				"${PODS_ROOT}/Manifest.lock",
			);
			name = "[CP] Check Pods Manifest.lock";
			outputFileListPaths = (
			);
			outputPaths = (
				"$(DERIVED_FILE_DIR)/Pods-Vwitter-VwitterUITests-checkManifestLockResult.txt",
			);
			runOnlyForDeploymentPostprocessing = 0;
			shellPath = /bin/sh;
			shellScript = "diff \"${PODS_PODFILE_DIR_PATH}/Podfile.lock\" \"${PODS_ROOT}/Manifest.lock\" > /dev/null\nif [ $? != 0 ] ; then\n    # print error to STDERR\n    echo \"error: The sandbox is not in sync with the Podfile.lock. Run 'pod install' or update your CocoaPods installation.\" >&2\n    exit 1\nfi\n# This output is used by Xcode 'outputs' to avoid re-running this script phase.\necho \"SUCCESS\" > \"${SCRIPT_OUTPUT_FILE_0}\"\n";
			showEnvVarsInLog = 0;
		};
		897C7DB3193C10AD93A6EFC5 /* [CP] Check Pods Manifest.lock */ = {
			isa = PBXShellScriptBuildPhase;
			buildActionMask = 2147483647;
			files = (
			);
			inputFileListPaths = (
			);
			inputPaths = (
				"${PODS_PODFILE_DIR_PATH}/Podfile.lock",
				"${PODS_ROOT}/Manifest.lock",
			);
			name = "[CP] Check Pods Manifest.lock";
			outputFileListPaths = (
			);
			outputPaths = (
				"$(DERIVED_FILE_DIR)/Pods-Vwitter-checkManifestLockResult.txt",
			);
			runOnlyForDeploymentPostprocessing = 0;
			shellPath = /bin/sh;
			shellScript = "diff \"${PODS_PODFILE_DIR_PATH}/Podfile.lock\" \"${PODS_ROOT}/Manifest.lock\" > /dev/null\nif [ $? != 0 ] ; then\n    # print error to STDERR\n    echo \"error: The sandbox is not in sync with the Podfile.lock. Run 'pod install' or update your CocoaPods installation.\" >&2\n    exit 1\nfi\n# This output is used by Xcode 'outputs' to avoid re-running this script phase.\necho \"SUCCESS\" > \"${SCRIPT_OUTPUT_FILE_0}\"\n";
			showEnvVarsInLog = 0;
		};
		9C911CDBD74F4D3E1727E2EA /* [CP] Embed Pods Frameworks */ = {
			isa = PBXShellScriptBuildPhase;
			buildActionMask = 2147483647;
			files = (
			);
			inputFileListPaths = (
				"${PODS_ROOT}/Target Support Files/Pods-Vwitter-VwitterUITests/Pods-Vwitter-VwitterUITests-frameworks-${CONFIGURATION}-input-files.xcfilelist",
			);
			name = "[CP] Embed Pods Frameworks";
			outputFileListPaths = (
				"${PODS_ROOT}/Target Support Files/Pods-Vwitter-VwitterUITests/Pods-Vwitter-VwitterUITests-frameworks-${CONFIGURATION}-output-files.xcfilelist",
			);
			runOnlyForDeploymentPostprocessing = 0;
			shellPath = /bin/sh;
			shellScript = "\"${PODS_ROOT}/Target Support Files/Pods-Vwitter-VwitterUITests/Pods-Vwitter-VwitterUITests-frameworks.sh\"\n";
			showEnvVarsInLog = 0;
		};
/* End PBXShellScriptBuildPhase section */

/* Begin PBXSourcesBuildPhase section */
		298B82AD28763A2100EE54B8 /* Sources */ = {
			isa = PBXSourcesBuildPhase;
			buildActionMask = 2147483647;
			files = (
				298B82EC2878A15D00EE54B8 /* LoginViewController.m in Sources */,
				298B82B628763A2100EE54B8 /* AppDelegate.m in Sources */,
				298B82C728763A2300EE54B8 /* main.m in Sources */,
				298B8307287C9C7B00EE54B8 /* UIViewController+ErrorAlertPresenter.m in Sources */,
				298B82F22878C95E00EE54B8 /* ComposeViewController.m in Sources */,
				298B83022878EAFA00EE54B8 /* SignupViewController.m in Sources */,
				298B832B28808A8E00EE54B8 /* VentCell.m in Sources */,
				298B82FF2878E3F100EE54B8 /* ProfileViewController.m in Sources */,
				298B8310287DFF5500EE54B8 /* AudienceMemberCell.m in Sources */,
				298B8325287E1CDC00EE54B8 /* GroupDetails.m in Sources */,
				298B82EF2878AF3000EE54B8 /* HomeViewController.m in Sources */,
				298B82F52878D5EA00EE54B8 /* SelectAudienceViewController.m in Sources */,
				298B82B928763A2100EE54B8 /* SceneDelegate.m in Sources */,
				298B8328287E1D8700EE54B8 /* GroupMembership.m in Sources */,
				298B830D287CD99E00EE54B8 /* Follow.m in Sources */,
				298B82F92878DF0900EE54B8 /* VWUser.m in Sources */,
				298B82FC2878E30F00EE54B8 /* SearchUsersViewController.m in Sources */,
				298B831F287E1BFA00EE54B8 /* Vent.m in Sources */,
				298B8322287E1C6000EE54B8 /* VentAudience.m in Sources */,
				298B830A287CD3E000EE54B8 /* UserCell.m in Sources */,
			);
			runOnlyForDeploymentPostprocessing = 0;
		};
		298B82C828763A2300EE54B8 /* Sources */ = {
			isa = PBXSourcesBuildPhase;
			buildActionMask = 2147483647;
			files = (
				298B82D128763A2300EE54B8 /* VwitterTests.m in Sources */,
			);
			runOnlyForDeploymentPostprocessing = 0;
		};
		298B82D228763A2300EE54B8 /* Sources */ = {
			isa = PBXSourcesBuildPhase;
			buildActionMask = 2147483647;
			files = (
				298B82DD28763A2300EE54B8 /* VwitterUITestsLaunchTests.m in Sources */,
				298B82DB28763A2300EE54B8 /* VwitterUITests.m in Sources */,
			);
			runOnlyForDeploymentPostprocessing = 0;
		};
/* End PBXSourcesBuildPhase section */

/* Begin PBXTargetDependency section */
		298B82CE28763A2300EE54B8 /* PBXTargetDependency */ = {
			isa = PBXTargetDependency;
			target = 298B82B028763A2100EE54B8 /* Vwitter */;
			targetProxy = 298B82CD28763A2300EE54B8 /* PBXContainerItemProxy */;
		};
		298B82D828763A2300EE54B8 /* PBXTargetDependency */ = {
			isa = PBXTargetDependency;
			target = 298B82B028763A2100EE54B8 /* Vwitter */;
			targetProxy = 298B82D728763A2300EE54B8 /* PBXContainerItemProxy */;
		};
/* End PBXTargetDependency section */

/* Begin PBXVariantGroup section */
		298B82BD28763A2100EE54B8 /* Main.storyboard */ = {
			isa = PBXVariantGroup;
			children = (
				298B82BE28763A2100EE54B8 /* Base */,
			);
			name = Main.storyboard;
			sourceTree = "<group>";
		};
		298B82C228763A2300EE54B8 /* LaunchScreen.storyboard */ = {
			isa = PBXVariantGroup;
			children = (
				298B82C328763A2300EE54B8 /* Base */,
			);
			name = LaunchScreen.storyboard;
			sourceTree = "<group>";
		};
/* End PBXVariantGroup section */

/* Begin XCBuildConfiguration section */
		298B82DE28763A2300EE54B8 /* Debug */ = {
			isa = XCBuildConfiguration;
			buildSettings = {
				ALWAYS_SEARCH_USER_PATHS = NO;
				CLANG_ANALYZER_NONNULL = YES;
				CLANG_ANALYZER_NUMBER_OBJECT_CONVERSION = YES_AGGRESSIVE;
				CLANG_CXX_LANGUAGE_STANDARD = "gnu++17";
				CLANG_ENABLE_MODULES = YES;
				CLANG_ENABLE_OBJC_ARC = YES;
				CLANG_ENABLE_OBJC_WEAK = YES;
				CLANG_WARN_BLOCK_CAPTURE_AUTORELEASING = YES;
				CLANG_WARN_BOOL_CONVERSION = YES;
				CLANG_WARN_COMMA = YES;
				CLANG_WARN_CONSTANT_CONVERSION = YES;
				CLANG_WARN_DEPRECATED_OBJC_IMPLEMENTATIONS = YES;
				CLANG_WARN_DIRECT_OBJC_ISA_USAGE = YES_ERROR;
				CLANG_WARN_DOCUMENTATION_COMMENTS = YES;
				CLANG_WARN_EMPTY_BODY = YES;
				CLANG_WARN_ENUM_CONVERSION = YES;
				CLANG_WARN_INFINITE_RECURSION = YES;
				CLANG_WARN_INT_CONVERSION = YES;
				CLANG_WARN_NON_LITERAL_NULL_CONVERSION = YES;
				CLANG_WARN_OBJC_IMPLICIT_RETAIN_SELF = YES;
				CLANG_WARN_OBJC_LITERAL_CONVERSION = YES;
				CLANG_WARN_OBJC_ROOT_CLASS = YES_ERROR;
				CLANG_WARN_QUOTED_INCLUDE_IN_FRAMEWORK_HEADER = YES;
				CLANG_WARN_RANGE_LOOP_ANALYSIS = YES;
				CLANG_WARN_STRICT_PROTOTYPES = YES;
				CLANG_WARN_SUSPICIOUS_MOVE = YES;
				CLANG_WARN_UNGUARDED_AVAILABILITY = YES_AGGRESSIVE;
				CLANG_WARN_UNREACHABLE_CODE = YES;
				CLANG_WARN__DUPLICATE_METHOD_MATCH = YES;
				COPY_PHASE_STRIP = NO;
				DEBUG_INFORMATION_FORMAT = dwarf;
				ENABLE_STRICT_OBJC_MSGSEND = YES;
				ENABLE_TESTABILITY = YES;
				GCC_C_LANGUAGE_STANDARD = gnu11;
				GCC_DYNAMIC_NO_PIC = NO;
				GCC_NO_COMMON_BLOCKS = YES;
				GCC_OPTIMIZATION_LEVEL = 0;
				GCC_PREPROCESSOR_DEFINITIONS = (
					"DEBUG=1",
					"$(inherited)",
				);
				GCC_WARN_64_TO_32_BIT_CONVERSION = YES;
				GCC_WARN_ABOUT_RETURN_TYPE = YES_ERROR;
				GCC_WARN_UNDECLARED_SELECTOR = YES;
				GCC_WARN_UNINITIALIZED_AUTOS = YES_AGGRESSIVE;
				GCC_WARN_UNUSED_FUNCTION = YES;
				GCC_WARN_UNUSED_VARIABLE = YES;
				IPHONEOS_DEPLOYMENT_TARGET = 15.5;
				MTL_ENABLE_DEBUG_INFO = INCLUDE_SOURCE;
				MTL_FAST_MATH = YES;
				ONLY_ACTIVE_ARCH = YES;
				SDKROOT = iphoneos;
			};
			name = Debug;
		};
		298B82DF28763A2300EE54B8 /* Release */ = {
			isa = XCBuildConfiguration;
			buildSettings = {
				ALWAYS_SEARCH_USER_PATHS = NO;
				CLANG_ANALYZER_NONNULL = YES;
				CLANG_ANALYZER_NUMBER_OBJECT_CONVERSION = YES_AGGRESSIVE;
				CLANG_CXX_LANGUAGE_STANDARD = "gnu++17";
				CLANG_ENABLE_MODULES = YES;
				CLANG_ENABLE_OBJC_ARC = YES;
				CLANG_ENABLE_OBJC_WEAK = YES;
				CLANG_WARN_BLOCK_CAPTURE_AUTORELEASING = YES;
				CLANG_WARN_BOOL_CONVERSION = YES;
				CLANG_WARN_COMMA = YES;
				CLANG_WARN_CONSTANT_CONVERSION = YES;
				CLANG_WARN_DEPRECATED_OBJC_IMPLEMENTATIONS = YES;
				CLANG_WARN_DIRECT_OBJC_ISA_USAGE = YES_ERROR;
				CLANG_WARN_DOCUMENTATION_COMMENTS = YES;
				CLANG_WARN_EMPTY_BODY = YES;
				CLANG_WARN_ENUM_CONVERSION = YES;
				CLANG_WARN_INFINITE_RECURSION = YES;
				CLANG_WARN_INT_CONVERSION = YES;
				CLANG_WARN_NON_LITERAL_NULL_CONVERSION = YES;
				CLANG_WARN_OBJC_IMPLICIT_RETAIN_SELF = YES;
				CLANG_WARN_OBJC_LITERAL_CONVERSION = YES;
				CLANG_WARN_OBJC_ROOT_CLASS = YES_ERROR;
				CLANG_WARN_QUOTED_INCLUDE_IN_FRAMEWORK_HEADER = YES;
				CLANG_WARN_RANGE_LOOP_ANALYSIS = YES;
				CLANG_WARN_STRICT_PROTOTYPES = YES;
				CLANG_WARN_SUSPICIOUS_MOVE = YES;
				CLANG_WARN_UNGUARDED_AVAILABILITY = YES_AGGRESSIVE;
				CLANG_WARN_UNREACHABLE_CODE = YES;
				CLANG_WARN__DUPLICATE_METHOD_MATCH = YES;
				COPY_PHASE_STRIP = NO;
				DEBUG_INFORMATION_FORMAT = "dwarf-with-dsym";
				ENABLE_NS_ASSERTIONS = NO;
				ENABLE_STRICT_OBJC_MSGSEND = YES;
				GCC_C_LANGUAGE_STANDARD = gnu11;
				GCC_NO_COMMON_BLOCKS = YES;
				GCC_WARN_64_TO_32_BIT_CONVERSION = YES;
				GCC_WARN_ABOUT_RETURN_TYPE = YES_ERROR;
				GCC_WARN_UNDECLARED_SELECTOR = YES;
				GCC_WARN_UNINITIALIZED_AUTOS = YES_AGGRESSIVE;
				GCC_WARN_UNUSED_FUNCTION = YES;
				GCC_WARN_UNUSED_VARIABLE = YES;
				IPHONEOS_DEPLOYMENT_TARGET = 15.5;
				MTL_ENABLE_DEBUG_INFO = NO;
				MTL_FAST_MATH = YES;
				SDKROOT = iphoneos;
				VALIDATE_PRODUCT = YES;
			};
			name = Release;
		};
		298B82E128763A2300EE54B8 /* Debug */ = {
			isa = XCBuildConfiguration;
			baseConfigurationReference = 6A5D72133CCDA51BC7A511AE /* Pods-Vwitter.debug.xcconfig */;
			buildSettings = {
				ASSETCATALOG_COMPILER_APPICON_NAME = AppIcon;
				ASSETCATALOG_COMPILER_GLOBAL_ACCENT_COLOR_NAME = AccentColor;
				CODE_SIGN_STYLE = Automatic;
				CURRENT_PROJECT_VERSION = 1;
				DEVELOPMENT_TEAM = NK59MHNWL2;
				GENERATE_INFOPLIST_FILE = YES;
				INFOPLIST_FILE = Vwitter/Info.plist;
				INFOPLIST_KEY_UIApplicationSupportsIndirectInputEvents = YES;
				INFOPLIST_KEY_UILaunchStoryboardName = LaunchScreen;
				INFOPLIST_KEY_UIMainStoryboardFile = Main;
				INFOPLIST_KEY_UISupportedInterfaceOrientations_iPad = "UIInterfaceOrientationPortrait UIInterfaceOrientationPortraitUpsideDown UIInterfaceOrientationLandscapeLeft UIInterfaceOrientationLandscapeRight";
				INFOPLIST_KEY_UISupportedInterfaceOrientations_iPhone = "UIInterfaceOrientationPortrait UIInterfaceOrientationLandscapeLeft UIInterfaceOrientationLandscapeRight";
				LD_RUNPATH_SEARCH_PATHS = (
					"$(inherited)",
					"@executable_path/Frameworks",
				);
				MARKETING_VERSION = 1.0;
				PRODUCT_BUNDLE_IDENTIFIER = com.cyli.Vwitter;
				PRODUCT_NAME = "$(TARGET_NAME)";
				SWIFT_EMIT_LOC_STRINGS = YES;
				TARGETED_DEVICE_FAMILY = "1,2";
			};
			name = Debug;
		};
		298B82E228763A2300EE54B8 /* Release */ = {
			isa = XCBuildConfiguration;
			baseConfigurationReference = F9C6930335159782278F381F /* Pods-Vwitter.release.xcconfig */;
			buildSettings = {
				ASSETCATALOG_COMPILER_APPICON_NAME = AppIcon;
				ASSETCATALOG_COMPILER_GLOBAL_ACCENT_COLOR_NAME = AccentColor;
				CODE_SIGN_STYLE = Automatic;
				CURRENT_PROJECT_VERSION = 1;
				DEVELOPMENT_TEAM = NK59MHNWL2;
				GENERATE_INFOPLIST_FILE = YES;
				INFOPLIST_FILE = Vwitter/Info.plist;
				INFOPLIST_KEY_UIApplicationSupportsIndirectInputEvents = YES;
				INFOPLIST_KEY_UILaunchStoryboardName = LaunchScreen;
				INFOPLIST_KEY_UIMainStoryboardFile = Main;
				INFOPLIST_KEY_UISupportedInterfaceOrientations_iPad = "UIInterfaceOrientationPortrait UIInterfaceOrientationPortraitUpsideDown UIInterfaceOrientationLandscapeLeft UIInterfaceOrientationLandscapeRight";
				INFOPLIST_KEY_UISupportedInterfaceOrientations_iPhone = "UIInterfaceOrientationPortrait UIInterfaceOrientationLandscapeLeft UIInterfaceOrientationLandscapeRight";
				LD_RUNPATH_SEARCH_PATHS = (
					"$(inherited)",
					"@executable_path/Frameworks",
				);
				MARKETING_VERSION = 1.0;
				PRODUCT_BUNDLE_IDENTIFIER = com.cyli.Vwitter;
				PRODUCT_NAME = "$(TARGET_NAME)";
				SWIFT_EMIT_LOC_STRINGS = YES;
				TARGETED_DEVICE_FAMILY = "1,2";
			};
			name = Release;
		};
		298B82E428763A2300EE54B8 /* Debug */ = {
			isa = XCBuildConfiguration;
			baseConfigurationReference = EF1191A3716A5FAB9E15358A /* Pods-VwitterTests.debug.xcconfig */;
			buildSettings = {
				BUNDLE_LOADER = "$(TEST_HOST)";
				CODE_SIGN_STYLE = Automatic;
				CURRENT_PROJECT_VERSION = 1;
				DEVELOPMENT_TEAM = NK59MHNWL2;
				GENERATE_INFOPLIST_FILE = YES;
				IPHONEOS_DEPLOYMENT_TARGET = 15.5;
				MARKETING_VERSION = 1.0;
				PRODUCT_BUNDLE_IDENTIFIER = com.cyli.VwitterTests;
				PRODUCT_NAME = "$(TARGET_NAME)";
				SWIFT_EMIT_LOC_STRINGS = NO;
				TARGETED_DEVICE_FAMILY = "1,2";
				TEST_HOST = "$(BUILT_PRODUCTS_DIR)/Vwitter.app/Vwitter";
			};
			name = Debug;
		};
		298B82E528763A2300EE54B8 /* Release */ = {
			isa = XCBuildConfiguration;
			baseConfigurationReference = EA87C5075EB2F94E5E6517A5 /* Pods-VwitterTests.release.xcconfig */;
			buildSettings = {
				BUNDLE_LOADER = "$(TEST_HOST)";
				CODE_SIGN_STYLE = Automatic;
				CURRENT_PROJECT_VERSION = 1;
				DEVELOPMENT_TEAM = NK59MHNWL2;
				GENERATE_INFOPLIST_FILE = YES;
				IPHONEOS_DEPLOYMENT_TARGET = 15.5;
				MARKETING_VERSION = 1.0;
				PRODUCT_BUNDLE_IDENTIFIER = com.cyli.VwitterTests;
				PRODUCT_NAME = "$(TARGET_NAME)";
				SWIFT_EMIT_LOC_STRINGS = NO;
				TARGETED_DEVICE_FAMILY = "1,2";
				TEST_HOST = "$(BUILT_PRODUCTS_DIR)/Vwitter.app/Vwitter";
			};
			name = Release;
		};
		298B82E728763A2300EE54B8 /* Debug */ = {
			isa = XCBuildConfiguration;
			baseConfigurationReference = 221521725659A1798AF2F840 /* Pods-Vwitter-VwitterUITests.debug.xcconfig */;
			buildSettings = {
				CODE_SIGN_STYLE = Automatic;
				CURRENT_PROJECT_VERSION = 1;
				DEVELOPMENT_TEAM = NK59MHNWL2;
				GENERATE_INFOPLIST_FILE = YES;
				MARKETING_VERSION = 1.0;
				PRODUCT_BUNDLE_IDENTIFIER = com.cyli.VwitterUITests;
				PRODUCT_NAME = "$(TARGET_NAME)";
				SWIFT_EMIT_LOC_STRINGS = NO;
				TARGETED_DEVICE_FAMILY = "1,2";
				TEST_TARGET_NAME = Vwitter;
			};
			name = Debug;
		};
		298B82E828763A2300EE54B8 /* Release */ = {
			isa = XCBuildConfiguration;
			baseConfigurationReference = 798736688B6AEEDAF86E81F3 /* Pods-Vwitter-VwitterUITests.release.xcconfig */;
			buildSettings = {
				CODE_SIGN_STYLE = Automatic;
				CURRENT_PROJECT_VERSION = 1;
				DEVELOPMENT_TEAM = NK59MHNWL2;
				GENERATE_INFOPLIST_FILE = YES;
				MARKETING_VERSION = 1.0;
				PRODUCT_BUNDLE_IDENTIFIER = com.cyli.VwitterUITests;
				PRODUCT_NAME = "$(TARGET_NAME)";
				SWIFT_EMIT_LOC_STRINGS = NO;
				TARGETED_DEVICE_FAMILY = "1,2";
				TEST_TARGET_NAME = Vwitter;
			};
			name = Release;
		};
/* End XCBuildConfiguration section */

/* Begin XCConfigurationList section */
		298B82AC28763A2100EE54B8 /* Build configuration list for PBXProject "Vwitter" */ = {
			isa = XCConfigurationList;
			buildConfigurations = (
				298B82DE28763A2300EE54B8 /* Debug */,
				298B82DF28763A2300EE54B8 /* Release */,
			);
			defaultConfigurationIsVisible = 0;
			defaultConfigurationName = Release;
		};
		298B82E028763A2300EE54B8 /* Build configuration list for PBXNativeTarget "Vwitter" */ = {
			isa = XCConfigurationList;
			buildConfigurations = (
				298B82E128763A2300EE54B8 /* Debug */,
				298B82E228763A2300EE54B8 /* Release */,
			);
			defaultConfigurationIsVisible = 0;
			defaultConfigurationName = Release;
		};
		298B82E328763A2300EE54B8 /* Build configuration list for PBXNativeTarget "VwitterTests" */ = {
			isa = XCConfigurationList;
			buildConfigurations = (
				298B82E428763A2300EE54B8 /* Debug */,
				298B82E528763A2300EE54B8 /* Release */,
			);
			defaultConfigurationIsVisible = 0;
			defaultConfigurationName = Release;
		};
		298B82E628763A2300EE54B8 /* Build configuration list for PBXNativeTarget "VwitterUITests" */ = {
			isa = XCConfigurationList;
			buildConfigurations = (
				298B82E728763A2300EE54B8 /* Debug */,
				298B82E828763A2300EE54B8 /* Release */,
			);
			defaultConfigurationIsVisible = 0;
			defaultConfigurationName = Release;
		};
/* End XCConfigurationList section */
	};
	rootObject = 298B82A928763A2100EE54B8 /* Project object */;
}
